<?xml version="1.0" encoding="utf-8"?>
<Project ToolsVersion="4.0" xmlns="http://schemas.microsoft.com/developer/msbuild/2003">
  <ItemGroup>
    <Filter Include="Source Files">
      <UniqueIdentifier>{4FC737F1-C7A5-4376-A066-2A32D752A2FF}</UniqueIdentifier>
      <Extensions>cpp;c;cc;cxx;def;odl;idl;hpj;bat;asm;asmx</Extensions>
    </Filter>
    <Filter Include="Header Files">
      <UniqueIdentifier>{93995380-89BD-4b04-88EB-625FBE52EBFB}</UniqueIdentifier>
      <Extensions>h;hh;hpp;hxx;hm;inl;inc;xsd</Extensions>
    </Filter>
    <Filter Include="Resource Files">
      <UniqueIdentifier>{67DA6AB6-F800-4c08-8B7A-83BB121AAD01}</UniqueIdentifier>
      <Extensions>rc;ico;cur;bmp;dlg;rc2;rct;bin;rgs;gif;jpg;jpeg;jpe;resx;tiff;tif;png;wav;mfcribbon-ms</Extensions>
    </Filter>
  </ItemGroup>
  <ItemGroup>
    <ClCompile Include="libbwa\bamlite.c">
      <Filter>Source Files</Filter>
    </ClCompile>
    <ClCompile Include="libbwa\bntseq.c">
      <Filter>Source Files</Filter>
    </ClCompile>
    <ClCompile Include="libbwa\bwape.c">
      <Filter>Source Files</Filter>
    </ClCompile>
    <ClCompile Include="libbwa\bwase.c">
      <Filter>Source Files</Filter>
    </ClCompile>
    <ClCompile Include="libbwa\bwaseqio.c">
      <Filter>Source Files</Filter>
    </ClCompile>
    <ClCompile Include="libbwa\bwt.c">
      <Filter>Source Files</Filter>
    </ClCompile>
    <ClCompile Include="libbwa\bwtaln.c">
      <Filter>Source Files</Filter>
    </ClCompile>
    <ClCompile Include="libbwa\bwtgap.c">
      <Filter>Source Files</Filter>
    </ClCompile>
    <ClCompile Include="libbwa\bwtio.c">
      <Filter>Source Files</Filter>
    </ClCompile>
    <ClCompile Include="libbwa\bwtmisc.c">
      <Filter>Source Files</Filter>
    </ClCompile>
    <ClCompile Include="libbwa\cs2nt.c">
      <Filter>Source Files</Filter>
    </ClCompile>
    <ClCompile Include="libbwa\is.c">
      <Filter>Source Files</Filter>
    </ClCompile>
    <ClCompile Include="libbwa\kstring.c">
      <Filter>Source Files</Filter>
    </ClCompile>
    <ClCompile Include="libbwa\stdaln.c">
      <Filter>Source Files</Filter>
    </ClCompile>
    <ClCompile Include="libbwa\utils.c">
      <Filter>Source Files</Filter>
    </ClCompile>
    <ClCompile Include="libmpu\BaseAsciiMap.cpp">
      <Filter>Source Files</Filter>
    </ClCompile>
    <ClCompile Include="libmpu\bedidx.c">
      <Filter>Source Files</Filter>
    </ClCompile>
    <ClCompile Include="libmpu\bgzip.c">
      <Filter>Source Files</Filter>
    </ClCompile>
    <ClCompile Include="libmpu\boolParser.cpp">
      <Filter>Source Files</Filter>
    </ClCompile>
    <ClCompile Include="libmpu\Error.cpp">
      <Filter>Source Files</Filter>
    </ClCompile>
    <ClCompile Include="libmpu\fVcf.cpp">
      <Filter>Source Files</Filter>
    </ClCompile>
    <ClCompile Include="libmpu\index.c">
      <Filter>Source Files</Filter>
    </ClCompile>
    <ClCompile Include="libmpu\knetfile.c">
      <Filter>Source Files</Filter>
    </ClCompile>
    <ClCompile Include="libmpu\kstring.c">
      <Filter>Source Files</Filter>
    </ClCompile>
    <ClCompile Include="libmpu\MathGenMin.cpp">
      <Filter>Source Files</Filter>
    </ClCompile>
    <ClCompile Include="libmpu\MathGold.cpp">
      <Filter>Source Files</Filter>
    </ClCompile>
    <ClCompile Include="libmpu\MathMatrix.cpp">
      <Filter>Source Files</Filter>
    </ClCompile>
    <ClCompile Include="libmpu\MathVector.cpp">
      <Filter>Source Files</Filter>
    </ClCompile>
    <ClCompile Include="libmpu\mbgzf.c">
      <Filter>Source Files</Filter>
    </ClCompile>
    <ClCompile Include="libmpu\mpuMixupLikelihoods.cpp">
      <Filter>Source Files</Filter>
    </ClCompile>
    <ClCompile Include="libmpu\mpuPileBases.cpp">
      <Filter>Source Files</Filter>
    </ClCompile>
    <ClCompile Include="libmpu\mpuTool.cpp">
      <Filter>Source Files</Filter>
    </ClCompile>
    <ClCompile Include="libmpu\mpuVerify.cpp">
      <Filter>Source Files</Filter>
    </ClCompile>
    <ClCompile Include="libmpu\Parameters.cpp">
      <Filter>Source Files</Filter>
    </ClCompile>
    <ClCompile Include="libmpu\PhredHelper.cpp">
      <Filter>Source Files</Filter>
    </ClCompile>
    <ClCompile Include="libmpu\Random.cpp">
      <Filter>Source Files</Filter>
    </ClCompile>
    <ClCompile Include="libmpu\Sort.cpp">
      <Filter>Source Files</Filter>
    </ClCompile>
    <ClCompile Include="libmpu\tabix.c">
      <Filter>Source Files</Filter>
    </ClCompile>
    <ClCompile Include="libStatGen\bam\examples\pileup\Main.cpp">
      <Filter>Source Files</Filter>
    </ClCompile>
    <ClCompile Include="libStatGen\bam\examples\printRefPositions\Main.cpp">
      <Filter>Source Files</Filter>
    </ClCompile>
    <ClCompile Include="libStatGen\bam\examples\printRefPositions\PrintRefPositions.cpp">
      <Filter>Source Files</Filter>
    </ClCompile>
    <ClCompile Include="libStatGen\bam\test\BamIndexTest.cpp">
      <Filter>Source Files</Filter>
    </ClCompile>
    <ClCompile Include="libStatGen\bam\test\Main.cpp">
      <Filter>Source Files</Filter>
    </ClCompile>
    <ClCompile Include="libStatGen\bam\test\Modify.cpp">
      <Filter>Source Files</Filter>
    </ClCompile>
    <ClCompile Include="libStatGen\bam\test\ModifyVar.cpp">
      <Filter>Source Files</Filter>
    </ClCompile>
    <ClCompile Include="libStatGen\bam\test\ReadFiles.cpp">
      <Filter>Source Files</Filter>
    </ClCompile>
    <ClCompile Include="libStatGen\bam\test\SamFileTest.cpp">
      <Filter>Source Files</Filter>
    </ClCompile>
    <ClCompile Include="libStatGen\bam\test\ShiftIndels.cpp">
      <Filter>Source Files</Filter>
    </ClCompile>
    <ClCompile Include="libStatGen\bam\test\TestCigarHelper.cpp">
      <Filter>Source Files</Filter>
    </ClCompile>
    <ClCompile Include="libStatGen\bam\test\TestEquals.cpp">
      <Filter>Source Files</Filter>
    </ClCompile>
    <ClCompile Include="libStatGen\bam\test\TestFilter.cpp">
      <Filter>Source Files</Filter>
    </ClCompile>
    <ClCompile Include="libStatGen\bam\test\TestPileup.cpp">
      <Filter>Source Files</Filter>
    </ClCompile>
    <ClCompile Include="libStatGen\bam\test\TestPosList.cpp">
      <Filter>Source Files</Filter>
    </ClCompile>
    <ClCompile Include="libStatGen\bam\test\TestSamCoordOutput.cpp">
      <Filter>Source Files</Filter>
    </ClCompile>
    <ClCompile Include="libStatGen\bam\test\TestSamRecordHelper.cpp">
      <Filter>Source Files</Filter>
    </ClCompile>
    <ClCompile Include="libStatGen\bam\test\TestSamRecordPool.cpp">
      <Filter>Source Files</Filter>
    </ClCompile>
    <ClCompile Include="libStatGen\bam\test\TestValidate.cpp">
      <Filter>Source Files</Filter>
    </ClCompile>
    <ClCompile Include="libStatGen\bam\test\ValidationTest.cpp">
      <Filter>Source Files</Filter>
    </ClCompile>
    <ClCompile Include="libStatGen\bam\test\WriteFiles.cpp">
      <Filter>Source Files</Filter>
    </ClCompile>
    <ClCompile Include="libStatGen\bam\BamIndex.cpp">
      <Filter>Source Files</Filter>
    </ClCompile>
    <ClCompile Include="libStatGen\bam\BamInterface.cpp">
      <Filter>Source Files</Filter>
    </ClCompile>
    <ClCompile Include="libStatGen\bam\CigarHelper.cpp">
      <Filter>Source Files</Filter>
    </ClCompile>
    <ClCompile Include="libStatGen\bam\GenericSamInterface.cpp">
      <Filter>Source Files</Filter>
    </ClCompile>
    <ClCompile Include="libStatGen\bam\PileupElement.cpp">
      <Filter>Source Files</Filter>
    </ClCompile>
    <ClCompile Include="libStatGen\bam\PileupElementBaseQual.cpp">
      <Filter>Source Files</Filter>
    </ClCompile>
    <ClCompile Include="libStatGen\bam\PosList.cpp">
      <Filter>Source Files</Filter>
    </ClCompile>
    <ClCompile Include="libStatGen\bam\SamCoordOutput.cpp">
      <Filter>Source Files</Filter>
    </ClCompile>
    <ClCompile Include="libStatGen\bam\SamFile.cpp">
      <Filter>Source Files</Filter>
    </ClCompile>
    <ClCompile Include="libStatGen\bam\SamFileHeader.cpp">
      <Filter>Source Files</Filter>
    </ClCompile>
    <ClCompile Include="libStatGen\bam\SamFilter.cpp">
      <Filter>Source Files</Filter>
    </ClCompile>
    <ClCompile Include="libStatGen\bam\SamHeaderHD.cpp">
      <Filter>Source Files</Filter>
    </ClCompile>
    <ClCompile Include="libStatGen\bam\SamHeaderPG.cpp">
      <Filter>Source Files</Filter>
    </ClCompile>
    <ClCompile Include="libStatGen\bam\SamHeaderRecord.cpp">
      <Filter>Source Files</Filter>
    </ClCompile>
    <ClCompile Include="libStatGen\bam\SamHeaderRG.cpp">
      <Filter>Source Files</Filter>
    </ClCompile>
    <ClCompile Include="libStatGen\bam\SamHeaderSQ.cpp">
      <Filter>Source Files</Filter>
    </ClCompile>
    <ClCompile Include="libStatGen\bam\SamHeaderTag.cpp">
      <Filter>Source Files</Filter>
    </ClCompile>
    <ClCompile Include="libStatGen\bam\SamInterface.cpp">
      <Filter>Source Files</Filter>
    </ClCompile>
    <ClCompile Include="libStatGen\bam\SamQuerySeqWithRefHelper.cpp">
      <Filter>Source Files</Filter>
    </ClCompile>
    <ClCompile Include="libStatGen\bam\SamRecord.cpp">
      <Filter>Source Files</Filter>
    </ClCompile>
    <ClCompile Include="libStatGen\bam\SamRecordHelper.cpp">
      <Filter>Source Files</Filter>
    </ClCompile>
    <ClCompile Include="libStatGen\bam\SamRecordPool.cpp">
      <Filter>Source Files</Filter>
    </ClCompile>
    <ClCompile Include="libStatGen\bam\SamReferenceInfo.cpp">
      <Filter>Source Files</Filter>
    </ClCompile>
    <ClCompile Include="libStatGen\bam\SamStatistics.cpp">
      <Filter>Source Files</Filter>
    </ClCompile>
    <ClCompile Include="libStatGen\bam\SamTags.cpp">
      <Filter>Source Files</Filter>
    </ClCompile>
    <ClCompile Include="libStatGen\bam\SamValidation.cpp">
      <Filter>Source Files</Filter>
    </ClCompile>
    <ClCompile Include="libStatGen\fastq\test\FastQFileTest.cpp">
      <Filter>Source Files</Filter>
    </ClCompile>
    <ClCompile Include="libStatGen\fastq\BaseComposition.cpp">
      <Filter>Source Files</Filter>
    </ClCompile>
    <ClCompile Include="libStatGen\fastq\BaseCount.cpp">
      <Filter>Source Files</Filter>
    </ClCompile>
    <ClCompile Include="libStatGen\fastq\FastQFile.cpp">
      <Filter>Source Files</Filter>
    </ClCompile>
    <ClCompile Include="libStatGen\fastq\FastQStatus.cpp">
      <Filter>Source Files</Filter>
    </ClCompile>
    <ClCompile Include="libStatGen\general\test\baseUtilitiesTest\BaseUtilitiesTest.cpp">
      <Filter>Source Files</Filter>
    </ClCompile>
    <ClCompile Include="libStatGen\general\test\cigar\CigarRollerTest.cpp">
      <Filter>Source Files</Filter>
    </ClCompile>
    <ClCompile Include="libStatGen\general\test\dbsnp\Main.cpp">
      <Filter>Source Files</Filter>
    </ClCompile>
    <ClCompile Include="libStatGen\general\test\inputFileTest\InputFileTest.cpp">
      <Filter>Source Files</Filter>
    </ClCompile>
    <ClCompile Include="libStatGen\general\test\memoryMapArrayTest\MemoryMapArrayTest.cpp">
      <Filter>Source Files</Filter>
    </ClCompile>
    <ClCompile Include="libStatGen\general\test\nonOverlapRegions\NonOverlapRegionsTest.cpp">
      <Filter>Source Files</Filter>
    </ClCompile>
    <ClCompile Include="libStatGen\general\test\packedVectorTest\PackedVectorTest.cpp">
      <Filter>Source Files</Filter>
    </ClCompile>
    <ClCompile Include="libStatGen\general\test\referenceSequenceTest\ReferenceSequenceTest.cpp">
      <Filter>Source Files</Filter>
    </ClCompile>
    <ClCompile Include="libStatGen\general\test\reusableVector\ReusableVectorTest.cpp">
      <Filter>Source Files</Filter>
    </ClCompile>
    <ClCompile Include="libStatGen\general\test\string\StringTest.cpp">
      <Filter>Source Files</Filter>
    </ClCompile>
    <ClCompile Include="libStatGen\general\test\trimSequence\TrimSequence.cpp">
      <Filter>Source Files</Filter>
    </ClCompile>
    <ClCompile Include="libStatGen\general\test\Chromosome_test.cpp">
      <Filter>Source Files</Filter>
    </ClCompile>
    <ClCompile Include="libStatGen\general\test\GenomeSequence_test.cpp">
      <Filter>Source Files</Filter>
    </ClCompile>
    <ClCompile Include="libStatGen\general\test\GreedyTupleAligner_test.cpp">
      <Filter>Source Files</Filter>
    </ClCompile>
    <ClCompile Include="libStatGen\general\test\gtest.cpp">
      <Filter>Source Files</Filter>
    </ClCompile>
    <ClCompile Include="libStatGen\general\test\STLUtilities_test.cpp">
      <Filter>Source Files</Filter>
    </ClCompile>
    <ClCompile Include="libStatGen\general\test\TrimSequence_test.cpp">
      <Filter>Source Files</Filter>
    </ClCompile>
    <ClCompile Include="libStatGen\general\BaseAsciiMap.cpp">
      <Filter>Source Files</Filter>
    </ClCompile>
    <ClCompile Include="libStatGen\general\BaseQualityHelper.cpp">
      <Filter>Source Files</Filter>
    </ClCompile>
    <ClCompile Include="libStatGen\general\BaseUtilities.cpp">
      <Filter>Source Files</Filter>
    </ClCompile>
    <ClCompile Include="libStatGen\general\BasicHash.cpp">
      <Filter>Source Files</Filter>
    </ClCompile>
    <ClCompile Include="libStatGen\general\BgzfFileType.cpp">
      <Filter>Source Files</Filter>
    </ClCompile>
    <ClCompile Include="libStatGen\general\BgzfFileTypeRecovery.cpp">
      <Filter>Source Files</Filter>
    </ClCompile>
    <ClCompile Include="libStatGen\general\CharBuffer.cpp">
      <Filter>Source Files</Filter>
    </ClCompile>
    <ClCompile Include="libStatGen\general\Chromosome.cpp">
      <Filter>Source Files</Filter>
    </ClCompile>
    <ClCompile Include="libStatGen\general\Cigar.cpp">
      <Filter>Source Files</Filter>
    </ClCompile>
    <ClCompile Include="libStatGen\general\CigarRoller.cpp">
      <Filter>Source Files</Filter>
    </ClCompile>
    <ClCompile Include="libStatGen\general\Error.cpp">
      <Filter>Source Files</Filter>
    </ClCompile>
    <ClCompile Include="libStatGen\general\ErrorHandler.cpp">
      <Filter>Source Files</Filter>
    </ClCompile>
    <ClCompile Include="libStatGen\general\FileType.cpp">
      <Filter>Source Files</Filter>
    </ClCompile>
    <ClCompile Include="libStatGen\general\FortranFormat.cpp">
      <Filter>Source Files</Filter>
    </ClCompile>
    <ClCompile Include="libStatGen\general\Generic.cpp">
      <Filter>Source Files</Filter>
    </ClCompile>
    <ClCompile Include="libStatGen\general\GenomeSequence.cpp">
      <Filter>Source Files</Filter>
    </ClCompile>
    <ClCompile Include="libStatGen\general\GenotypeLists.cpp">
      <Filter>Source Files</Filter>
    </ClCompile>
    <ClCompile Include="libStatGen\general\glfHandler.cpp">
      <Filter>Source Files</Filter>
    </ClCompile>
    <ClCompile Include="libStatGen\general\GzipFileType.cpp">
      <Filter>Source Files</Filter>
    </ClCompile>
    <ClCompile Include="libStatGen\general\GzipHeader.cpp">
      <Filter>Source Files</Filter>
    </ClCompile>
    <ClCompile Include="libStatGen\general\Hash.cpp">
      <Filter>Source Files</Filter>
    </ClCompile>
    <ClCompile Include="libStatGen\general\IndexBase.cpp">
      <Filter>Source Files</Filter>
    </ClCompile>
    <ClCompile Include="libStatGen\general\InplaceMerge.cpp">
      <Filter>Source Files</Filter>
    </ClCompile>
    <ClCompile Include="libStatGen\general\Input.cpp">
      <Filter>Source Files</Filter>
    </ClCompile>
    <ClCompile Include="libStatGen\general\InputFile.cpp">
      <Filter>Source Files</Filter>
    </ClCompile>
    <ClCompile Include="libStatGen\general\IntArray.cpp">
      <Filter>Source Files</Filter>
    </ClCompile>
    <ClCompile Include="libStatGen\general\IntHash.cpp">
      <Filter>Source Files</Filter>
    </ClCompile>
    <ClCompile Include="libStatGen\general\LongLongCounter.cpp">
      <Filter>Source Files</Filter>
    </ClCompile>
    <ClCompile Include="libStatGen\general\MapFunction.cpp">
      <Filter>Source Files</Filter>
    </ClCompile>
    <ClCompile Include="libStatGen\general\MathMatrix.cpp">
      <Filter>Source Files</Filter>
    </ClCompile>
    <ClCompile Include="libStatGen\general\MathVector.cpp">
      <Filter>Source Files</Filter>
    </ClCompile>
    <ClCompile Include="libStatGen\general\MemoryAllocators.cpp">
      <Filter>Source Files</Filter>
    </ClCompile>
    <ClCompile Include="libStatGen\general\MemoryInfo.cpp">
      <Filter>Source Files</Filter>
    </ClCompile>
    <ClCompile Include="libStatGen\general\MemoryMap.cpp">
      <Filter>Source Files</Filter>
    </ClCompile>
    <ClCompile Include="libStatGen\general\MemoryMapArray.cpp">
      <Filter>Source Files</Filter>
    </ClCompile>
    <ClCompile Include="libStatGen\general\MiniDeflate.cpp">
      <Filter>Source Files</Filter>
    </ClCompile>
    <ClCompile Include="libStatGen\general\NonOverlapRegions.cpp">
      <Filter>Source Files</Filter>
    </ClCompile>
    <ClCompile Include="libStatGen\general\Parameters.cpp">
      <Filter>Source Files</Filter>
    </ClCompile>
    <ClCompile Include="libStatGen\general\Pedigree.cpp">
      <Filter>Source Files</Filter>
    </ClCompile>
    <ClCompile Include="libStatGen\general\PedigreeAlleleFreq.cpp">
      <Filter>Source Files</Filter>
    </ClCompile>
    <ClCompile Include="libStatGen\general\PedigreeDescription.cpp">
      <Filter>Source Files</Filter>
    </ClCompile>
    <ClCompile Include="libStatGen\general\PedigreeFamily.cpp">
      <Filter>Source Files</Filter>
    </ClCompile>
    <ClCompile Include="libStatGen\general\PedigreeGlobals.cpp">
      <Filter>Source Files</Filter>
    </ClCompile>
    <ClCompile Include="libStatGen\general\PedigreeLoader.cpp">
      <Filter>Source Files</Filter>
    </ClCompile>
    <ClCompile Include="libStatGen\general\PedigreePerson.cpp">
      <Filter>Source Files</Filter>
    </ClCompile>
    <ClCompile Include="libStatGen\general\PedigreeTrim.cpp">
      <Filter>Source Files</Filter>
    </ClCompile>
    <ClCompile Include="libStatGen\general\PedigreeTwin.cpp">
      <Filter>Source Files</Filter>
    </ClCompile>
    <ClCompile Include="libStatGen\general\PhoneHome.cpp">
      <Filter>Source Files</Filter>
    </ClCompile>
    <ClCompile Include="libStatGen\general\QuickIndex.cpp">
      <Filter>Source Files</Filter>
    </ClCompile>
    <ClCompile Include="libStatGen\general\Random.cpp">
      <Filter>Source Files</Filter>
    </ClCompile>
    <ClCompile Include="libStatGen\general\ReferenceSequence.cpp">
      <Filter>Source Files</Filter>
    </ClCompile>
    <ClCompile Include="libStatGen\general\SmithWaterman.cpp">
      <Filter>Source Files</Filter>
    </ClCompile>
    <ClCompile Include="libStatGen\general\Sort.cpp">
      <Filter>Source Files</Filter>
    </ClCompile>
    <ClCompile Include="libStatGen\general\StatGenStatus.cpp">
      <Filter>Source Files</Filter>
    </ClCompile>
    <ClCompile Include="libStatGen\general\STLUtilities.cpp">
      <Filter>Source Files</Filter>
    </ClCompile>
    <ClCompile Include="libStatGen\general\String.cpp">
      <Filter>Source Files</Filter>
    </ClCompile>
    <ClCompile Include="libStatGen\general\StringAlias.cpp">
      <Filter>Source Files</Filter>
    </ClCompile>
    <ClCompile Include="libStatGen\general\StringArray.cpp">
      <Filter>Source Files</Filter>
    </ClCompile>
    <ClCompile Include="libStatGen\general\StringBasics.cpp">
      <Filter>Source Files</Filter>
    </ClCompile>
    <ClCompile Include="libStatGen\general\StringHash.cpp">
      <Filter>Source Files</Filter>
    </ClCompile>
    <ClCompile Include="libStatGen\general\StringMap.cpp">
      <Filter>Source Files</Filter>
    </ClCompile>
    <ClCompile Include="libStatGen\general\Tabix.cpp">
      <Filter>Source Files</Filter>
    </ClCompile>
    <ClCompile Include="libStatGen\general\UncompressedFileType.cpp">
      <Filter>Source Files</Filter>
    </ClCompile>
    <ClCompile Include="libStatGen\glf\test\Main.cpp">
      <Filter>Source Files</Filter>
    </ClCompile>
    <ClCompile Include="libStatGen\glf\test\ReadFiles.cpp">
      <Filter>Source Files</Filter>
    </ClCompile>
    <ClCompile Include="libStatGen\glf\test\Validate.cpp">
      <Filter>Source Files</Filter>
    </ClCompile>
    <ClCompile Include="libStatGen\glf\test\WriteFiles.cpp">
      <Filter>Source Files</Filter>
    </ClCompile>
    <ClCompile Include="libStatGen\glf\GlfException.cpp">
      <Filter>Source Files</Filter>
    </ClCompile>
    <ClCompile Include="libStatGen\glf\GlfFile.cpp">
      <Filter>Source Files</Filter>
    </ClCompile>
    <ClCompile Include="libStatGen\glf\GlfHeader.cpp">
      <Filter>Source Files</Filter>
    </ClCompile>
    <ClCompile Include="libStatGen\glf\GlfRecord.cpp">
      <Filter>Source Files</Filter>
    </ClCompile>
    <ClCompile Include="libStatGen\glf\GlfRefSection.cpp">
      <Filter>Source Files</Filter>
    </ClCompile>
    <ClCompile Include="libStatGen\glf\GlfStatus.cpp">
      <Filter>Source Files</Filter>
    </ClCompile>
    <ClCompile Include="libStatGen\samtools\bgzf.c">
      <Filter>Source Files</Filter>
    </ClCompile>
    <ClCompile Include="libStatGen\samtools\knetfile.c">
      <Filter>Source Files</Filter>
    </ClCompile>
    <ClCompile Include="libStatGen\vcf\test\Main.cpp">
      <Filter>Source Files</Filter>
    </ClCompile>
    <ClCompile Include="libStatGen\vcf\test\VcfFileTest.cpp">
      <Filter>Source Files</Filter>
    </ClCompile>
    <ClCompile Include="libStatGen\vcf\test\VcfHeaderTest.cpp">
      <Filter>Source Files</Filter>
    </ClCompile>
    <ClCompile Include="libStatGen\vcf\VcfFile.cpp">
      <Filter>Source Files</Filter>
    </ClCompile>
    <ClCompile Include="libStatGen\vcf\VcfFileReader.cpp">
      <Filter>Source Files</Filter>
    </ClCompile>
    <ClCompile Include="libStatGen\vcf\VcfFileWriter.cpp">
      <Filter>Source Files</Filter>
    </ClCompile>
    <ClCompile Include="libStatGen\vcf\VcfGenotypeField.cpp">
      <Filter>Source Files</Filter>
    </ClCompile>
    <ClCompile Include="libStatGen\vcf\VcfGenotypeFormat.cpp">
      <Filter>Source Files</Filter>
    </ClCompile>
    <ClCompile Include="libStatGen\vcf\VcfGenotypeSample.cpp">
      <Filter>Source Files</Filter>
    </ClCompile>
    <ClCompile Include="libStatGen\vcf\VcfHeader.cpp">
      <Filter>Source Files</Filter>
    </ClCompile>
    <ClCompile Include="libStatGen\vcf\VcfHelper.cpp">
      <Filter>Source Files</Filter>
    </ClCompile>
    <ClCompile Include="libStatGen\vcf\VcfRecord.cpp">
      <Filter>Source Files</Filter>
    </ClCompile>
    <ClCompile Include="libStatGen\vcf\VcfRecordDiscardRules.cpp">
      <Filter>Source Files</Filter>
    </ClCompile>
    <ClCompile Include="libStatGen\vcf\VcfRecordField.cpp">
      <Filter>Source Files</Filter>
    </ClCompile>
    <ClCompile Include="libStatGen\vcf\VcfRecordFilter.cpp">
      <Filter>Source Files</Filter>
    </ClCompile>
    <ClCompile Include="libStatGen\vcf\VcfRecordGenotype.cpp">
      <Filter>Source Files</Filter>
    </ClCompile>
    <ClCompile Include="libStatGen\vcf\VcfRecordInfo.cpp">
      <Filter>Source Files</Filter>
    </ClCompile>
    <ClCompile Include="libStatGen\vcf\VcfSubsetSamples.cpp">
      <Filter>Source Files</Filter>
    </ClCompile>
    <ClCompile Include="misc\faidx.c">
      <Filter>Source Files</Filter>
    </ClCompile>
    <ClCompile Include="misc\params.cpp">
      <Filter>Source Files</Filter>
    </ClCompile>
    <ClCompile Include="misc\razf.c">
      <Filter>Source Files</Filter>
    </ClCompile>
    <ClCompile Include="src\BwtIndexer.cpp">
      <Filter>Source Files</Filter>
    </ClCompile>
    <ClCompile Include="src\BwtMapper.cpp">
      <Filter>Source Files</Filter>
    </ClCompile>
    <ClCompile Include="src\FastqA.cpp">
      <Filter>Source Files</Filter>
    </ClCompile>
    <ClCompile Include="src\PopulationIdentifier.cpp">
      <Filter>Source Files</Filter>
    </ClCompile>
    <ClCompile Include="src\RefBuilder.cpp">
      <Filter>Source Files</Filter>
    </ClCompile>
    <ClCompile Include="src\StatCollector.cpp">
      <Filter>Source Files</Filter>
    </ClCompile>
  </ItemGroup>
  <ItemGroup>
    <ClInclude Include="libbwa\bamlite.h">
      <Filter>Header Files</Filter>
    </ClInclude>
    <ClInclude Include="libbwa\bntseq.h">
      <Filter>Header Files</Filter>
    </ClInclude>
    <ClInclude Include="libbwa\bwape.h">
      <Filter>Header Files</Filter>
    </ClInclude>
    <ClInclude Include="libbwa\bwase.h">
      <Filter>Header Files</Filter>
    </ClInclude>
    <ClInclude Include="libbwa\bwt.h">
      <Filter>Header Files</Filter>
    </ClInclude>
    <ClInclude Include="libbwa\bwtaln.h">
      <Filter>Header Files</Filter>
    </ClInclude>
    <ClInclude Include="libbwa\bwtgap.h">
      <Filter>Header Files</Filter>
    </ClInclude>
    <ClInclude Include="libbwa\khash.h">
      <Filter>Header Files</Filter>
    </ClInclude>
    <ClInclude Include="libbwa\ksort.h">
      <Filter>Header Files</Filter>
    </ClInclude>
    <ClInclude Include="libbwa\kstring.h">
      <Filter>Header Files</Filter>
    </ClInclude>
    <ClInclude Include="libbwa\kvec.h">
      <Filter>Header Files</Filter>
    </ClInclude>
    <ClInclude Include="libbwa\stdaln.h">
      <Filter>Header Files</Filter>
    </ClInclude>
    <ClInclude Include="libbwa\utils.h">
      <Filter>Header Files</Filter>
    </ClInclude>
    <ClInclude Include="libmpu\bam_endian.h">
      <Filter>Header Files</Filter>
    </ClInclude>
    <ClInclude Include="libmpu\BaseAsciiMap.h">
      <Filter>Header Files</Filter>
    </ClInclude>
    <ClInclude Include="libmpu\bgix.h">
      <Filter>Header Files</Filter>
    </ClInclude>
    <ClInclude Include="libmpu\boolExprParser.h">
      <Filter>Header Files</Filter>
    </ClInclude>
    <ClInclude Include="libmpu\boolParser.h">
      <Filter>Header Files</Filter>
    </ClInclude>
    <ClInclude Include="libmpu\Constant.h">
      <Filter>Header Files</Filter>
    </ClInclude>
    <ClInclude Include="libmpu\Error.h">
      <Filter>Header Files</Filter>
    </ClInclude>
    <ClInclude Include="libmpu\fPed.h">
      <Filter>Header Files</Filter>
    </ClInclude>
    <ClInclude Include="libmpu\fVcf.h">
      <Filter>Header Files</Filter>
    </ClInclude>
    <ClInclude Include="libmpu\khash.h">
      <Filter>Header Files</Filter>
    </ClInclude>
    <ClInclude Include="libmpu\knetfile.h">
      <Filter>Header Files</Filter>
    </ClInclude>
    <ClInclude Include="libmpu\kseq.h">
      <Filter>Header Files</Filter>
    </ClInclude>
    <ClInclude Include="libmpu\ksort.h">
      <Filter>Header Files</Filter>
    </ClInclude>
    <ClInclude Include="libmpu\kstring.h">
      <Filter>Header Files</Filter>
    </ClInclude>
    <ClInclude Include="libmpu\MathConstant.h">
      <Filter>Header Files</Filter>
    </ClInclude>
    <ClInclude Include="libmpu\MathGenMin.h">
      <Filter>Header Files</Filter>
    </ClInclude>
    <ClInclude Include="libmpu\MathGold.h">
      <Filter>Header Files</Filter>
    </ClInclude>
    <ClInclude Include="libmpu\MathMatrix.h">
      <Filter>Header Files</Filter>
    </ClInclude>
    <ClInclude Include="libmpu\MathVector.h">
      <Filter>Header Files</Filter>
    </ClInclude>
    <ClInclude Include="libmpu\mbgzf.h">
      <Filter>Header Files</Filter>
    </ClInclude>
    <ClInclude Include="libmpu\mpuFile.h">
      <Filter>Header Files</Filter>
    </ClInclude>
    <ClInclude Include="libmpu\mpuMixupLikelihoods.h">
      <Filter>Header Files</Filter>
    </ClInclude>
    <ClInclude Include="libmpu\mpuPileBases.h">
      <Filter>Header Files</Filter>
    </ClInclude>
    <ClInclude Include="libmpu\mpuTool.h">
      <Filter>Header Files</Filter>
    </ClInclude>
    <ClInclude Include="libmpu\mpuVerify.h">
      <Filter>Header Files</Filter>
    </ClInclude>
    <ClInclude Include="libmpu\Parameters.h">
      <Filter>Header Files</Filter>
    </ClInclude>
    <ClInclude Include="libmpu\pException.h">
      <Filter>Header Files</Filter>
    </ClInclude>
    <ClInclude Include="libmpu\pFile.h">
      <Filter>Header Files</Filter>
    </ClInclude>
    <ClInclude Include="libmpu\PhredHelper.h">
      <Filter>Header Files</Filter>
    </ClInclude>
    <ClInclude Include="libmpu\Random.h">
      <Filter>Header Files</Filter>
    </ClInclude>
    <ClInclude Include="libmpu\Sort.h">
      <Filter>Header Files</Filter>
    </ClInclude>
    <ClInclude Include="libmpu\tabix.h">
      <Filter>Header Files</Filter>
    </ClInclude>
    <ClInclude Include="libmpu\wFile.h">
      <Filter>Header Files</Filter>
    </ClInclude>
    <ClInclude Include="libStatGen\bam\examples\printRefPositions\PrintRefPositions.h">
      <Filter>Header Files</Filter>
    </ClInclude>
    <ClInclude Include="libStatGen\bam\test\BamIndexTest.h">
      <Filter>Header Files</Filter>
    </ClInclude>
    <ClInclude Include="libStatGen\bam\test\Modify.h">
      <Filter>Header Files</Filter>
    </ClInclude>
    <ClInclude Include="libStatGen\bam\test\ModifyVar.h">
      <Filter>Header Files</Filter>
    </ClInclude>
    <ClInclude Include="libStatGen\bam\test\ReadFiles.h">
      <Filter>Header Files</Filter>
    </ClInclude>
    <ClInclude Include="libStatGen\bam\test\SamFileTest.h">
      <Filter>Header Files</Filter>
    </ClInclude>
    <ClInclude Include="libStatGen\bam\test\ShiftIndels.h">
      <Filter>Header Files</Filter>
    </ClInclude>
    <ClInclude Include="libStatGen\bam\test\TestCigarHelper.h">
      <Filter>Header Files</Filter>
    </ClInclude>
    <ClInclude Include="libStatGen\bam\test\TestEquals.h">
      <Filter>Header Files</Filter>
    </ClInclude>
    <ClInclude Include="libStatGen\bam\test\TestFilter.h">
      <Filter>Header Files</Filter>
    </ClInclude>
    <ClInclude Include="libStatGen\bam\test\TestPileup.h">
      <Filter>Header Files</Filter>
    </ClInclude>
    <ClInclude Include="libStatGen\bam\test\TestPosList.h">
      <Filter>Header Files</Filter>
    </ClInclude>
    <ClInclude Include="libStatGen\bam\test\TestSamCoordOutput.h">
      <Filter>Header Files</Filter>
    </ClInclude>
    <ClInclude Include="libStatGen\bam\test\TestSamRecordHelper.h">
      <Filter>Header Files</Filter>
    </ClInclude>
    <ClInclude Include="libStatGen\bam\test\TestSamRecordPool.h">
      <Filter>Header Files</Filter>
    </ClInclude>
    <ClInclude Include="libStatGen\bam\test\TestValidate.h">
      <Filter>Header Files</Filter>
    </ClInclude>
    <ClInclude Include="libStatGen\bam\test\ValidationTest.h">
      <Filter>Header Files</Filter>
    </ClInclude>
    <ClInclude Include="libStatGen\bam\test\WriteFiles.h">
      <Filter>Header Files</Filter>
    </ClInclude>
    <ClInclude Include="libStatGen\bam\BamIndex.h">
      <Filter>Header Files</Filter>
    </ClInclude>
    <ClInclude Include="libStatGen\bam\BamInterface.h">
      <Filter>Header Files</Filter>
    </ClInclude>
    <ClInclude Include="libStatGen\bam\CigarHelper.h">
      <Filter>Header Files</Filter>
    </ClInclude>
    <ClInclude Include="libStatGen\bam\GenericSamInterface.h">
      <Filter>Header Files</Filter>
    </ClInclude>
    <ClInclude Include="libStatGen\bam\Pileup.h">
      <Filter>Header Files</Filter>
    </ClInclude>
    <ClInclude Include="libStatGen\bam\PileupElement.h">
      <Filter>Header Files</Filter>
    </ClInclude>
    <ClInclude Include="libStatGen\bam\PileupElementBaseQual.h">
      <Filter>Header Files</Filter>
    </ClInclude>
    <ClInclude Include="libStatGen\bam\PosList.h">
      <Filter>Header Files</Filter>
    </ClInclude>
    <ClInclude Include="libStatGen\bam\SamCoordOutput.h">
      <Filter>Header Files</Filter>
    </ClInclude>
    <ClInclude Include="libStatGen\bam\SamFile.h">
      <Filter>Header Files</Filter>
    </ClInclude>
    <ClInclude Include="libStatGen\bam\SamFileHeader.h">
      <Filter>Header Files</Filter>
    </ClInclude>
    <ClInclude Include="libStatGen\bam\SamFilter.h">
      <Filter>Header Files</Filter>
    </ClInclude>
    <ClInclude Include="libStatGen\bam\SamFlag.h">
      <Filter>Header Files</Filter>
    </ClInclude>
    <ClInclude Include="libStatGen\bam\SamHeaderHD.h">
      <Filter>Header Files</Filter>
    </ClInclude>
    <ClInclude Include="libStatGen\bam\SamHeaderPG.h">
      <Filter>Header Files</Filter>
    </ClInclude>
    <ClInclude Include="libStatGen\bam\SamHeaderRecord.h">
      <Filter>Header Files</Filter>
    </ClInclude>
    <ClInclude Include="libStatGen\bam\SamHeaderRG.h">
      <Filter>Header Files</Filter>
    </ClInclude>
    <ClInclude Include="libStatGen\bam\SamHeaderSQ.h">
      <Filter>Header Files</Filter>
    </ClInclude>
    <ClInclude Include="libStatGen\bam\SamHeaderTag.h">
      <Filter>Header Files</Filter>
    </ClInclude>
    <ClInclude Include="libStatGen\bam\SamHelper.h">
      <Filter>Header Files</Filter>
    </ClInclude>
    <ClInclude Include="libStatGen\bam\SamInterface.h">
      <Filter>Header Files</Filter>
    </ClInclude>
    <ClInclude Include="libStatGen\bam\SamQuerySeqWithRefHelper.h">
      <Filter>Header Files</Filter>
    </ClInclude>
    <ClInclude Include="libStatGen\bam\SamRecord.h">
      <Filter>Header Files</Filter>
    </ClInclude>
    <ClInclude Include="libStatGen\bam\SamRecordHelper.h">
      <Filter>Header Files</Filter>
    </ClInclude>
    <ClInclude Include="libStatGen\bam\SamRecordPool.h">
      <Filter>Header Files</Filter>
    </ClInclude>
    <ClInclude Include="libStatGen\bam\SamReferenceInfo.h">
      <Filter>Header Files</Filter>
    </ClInclude>
    <ClInclude Include="libStatGen\bam\SamStatistics.h">
      <Filter>Header Files</Filter>
    </ClInclude>
    <ClInclude Include="libStatGen\bam\SamStatus.h">
      <Filter>Header Files</Filter>
    </ClInclude>
    <ClInclude Include="libStatGen\bam\SamTags.h">
      <Filter>Header Files</Filter>
    </ClInclude>
    <ClInclude Include="libStatGen\bam\SamValidation.h">
      <Filter>Header Files</Filter>
    </ClInclude>
    <ClInclude Include="libStatGen\fastq\BaseComposition.h">
      <Filter>Header Files</Filter>
    </ClInclude>
    <ClInclude Include="libStatGen\fastq\BaseCount.h">
      <Filter>Header Files</Filter>
    </ClInclude>
    <ClInclude Include="libStatGen\fastq\FastQFile.h">
      <Filter>Header Files</Filter>
    </ClInclude>
    <ClInclude Include="libStatGen\fastq\FastQStatus.h">
      <Filter>Header Files</Filter>
    </ClInclude>
    <ClInclude Include="libStatGen\general\test\baseUtilitiesTest\BaseUtilitiesTest.h">
      <Filter>Header Files</Filter>
    </ClInclude>
    <ClInclude Include="libStatGen\general\test\cigar\CigarRollerTest.h">
      <Filter>Header Files</Filter>
    </ClInclude>
    <ClInclude Include="libStatGen\general\test\inputFileTest\InputFileTest.h">
      <Filter>Header Files</Filter>
    </ClInclude>
    <ClInclude Include="libStatGen\general\test\memoryMapArrayTest\MemoryMapArrayTest.h">
      <Filter>Header Files</Filter>
    </ClInclude>
    <ClInclude Include="libStatGen\general\test\nonOverlapRegions\NonOverlapRegionsTest.h">
      <Filter>Header Files</Filter>
    </ClInclude>
    <ClInclude Include="libStatGen\general\test\packedVectorTest\PackedVectorTest.h">
      <Filter>Header Files</Filter>
    </ClInclude>
    <ClInclude Include="libStatGen\general\test\referenceSequenceTest\ReferenceSequenceTest.h">
      <Filter>Header Files</Filter>
    </ClInclude>
    <ClInclude Include="libStatGen\general\test\reusableVector\ReusableVectorTest.h">
      <Filter>Header Files</Filter>
    </ClInclude>
    <ClInclude Include="libStatGen\general\test\string\StringTest.h">
      <Filter>Header Files</Filter>
    </ClInclude>
    <ClInclude Include="libStatGen\general\BaseAsciiMap.h">
      <Filter>Header Files</Filter>
    </ClInclude>
    <ClInclude Include="libStatGen\general\BaseQualityHelper.h">
      <Filter>Header Files</Filter>
    </ClInclude>
    <ClInclude Include="libStatGen\general\BaseUtilities.h">
      <Filter>Header Files</Filter>
    </ClInclude>
    <ClInclude Include="libStatGen\general\BasicHash.h">
      <Filter>Header Files</Filter>
    </ClInclude>
    <ClInclude Include="libStatGen\general\BgzfFileType.h">
      <Filter>Header Files</Filter>
    </ClInclude>
    <ClInclude Include="libStatGen\general\BgzfFileTypeRecovery.h">
      <Filter>Header Files</Filter>
    </ClInclude>
    <ClInclude Include="libStatGen\general\CharBuffer.h">
      <Filter>Header Files</Filter>
    </ClInclude>
    <ClInclude Include="libStatGen\general\Chromosome.h">
      <Filter>Header Files</Filter>
    </ClInclude>
    <ClInclude Include="libStatGen\general\Cigar.h">
      <Filter>Header Files</Filter>
    </ClInclude>
    <ClInclude Include="libStatGen\general\CigarRoller.h">
      <Filter>Header Files</Filter>
    </ClInclude>
    <ClInclude Include="libStatGen\general\Constant.h">
      <Filter>Header Files</Filter>
    </ClInclude>
    <ClInclude Include="libStatGen\general\CSG_MD5.h">
      <Filter>Header Files</Filter>
    </ClInclude>
    <ClInclude Include="libStatGen\general\Error.h">
      <Filter>Header Files</Filter>
    </ClInclude>
    <ClInclude Include="libStatGen\general\ErrorHandler.h">
      <Filter>Header Files</Filter>
    </ClInclude>
    <ClInclude Include="libStatGen\general\FileType.h">
      <Filter>Header Files</Filter>
    </ClInclude>
    <ClInclude Include="libStatGen\general\FortranFormat.h">
      <Filter>Header Files</Filter>
    </ClInclude>
    <ClInclude Include="libStatGen\general\Generic.h">
      <Filter>Header Files</Filter>
    </ClInclude>
    <ClInclude Include="libStatGen\general\GenomeSequence.h">
      <Filter>Header Files</Filter>
    </ClInclude>
    <ClInclude Include="libStatGen\general\GenomeSequenceHelpers.h">
      <Filter>Header Files</Filter>
    </ClInclude>
    <ClInclude Include="libStatGen\general\GenotypeLists.h">
      <Filter>Header Files</Filter>
    </ClInclude>
    <ClInclude Include="libStatGen\general\glfHandler.h">
      <Filter>Header Files</Filter>
    </ClInclude>
    <ClInclude Include="libStatGen\general\GreedyTupleAligner.h">
      <Filter>Header Files</Filter>
    </ClInclude>
    <ClInclude Include="libStatGen\general\GzipFileType.h">
      <Filter>Header Files</Filter>
    </ClInclude>
    <ClInclude Include="libStatGen\general\GzipHeader.h">
      <Filter>Header Files</Filter>
    </ClInclude>
    <ClInclude Include="libStatGen\general\Hash.h">
      <Filter>Header Files</Filter>
    </ClInclude>
    <ClInclude Include="libStatGen\general\IndexBase.h">
      <Filter>Header Files</Filter>
    </ClInclude>
    <ClInclude Include="libStatGen\general\InplaceMerge.h">
      <Filter>Header Files</Filter>
    </ClInclude>
    <ClInclude Include="libStatGen\general\Input.h">
      <Filter>Header Files</Filter>
    </ClInclude>
    <ClInclude Include="libStatGen\general\InputFile.h">
      <Filter>Header Files</Filter>
    </ClInclude>
    <ClInclude Include="libStatGen\general\IntArray.h">
      <Filter>Header Files</Filter>
    </ClInclude>
    <ClInclude Include="libStatGen\general\IntHash.h">
      <Filter>Header Files</Filter>
    </ClInclude>
    <ClInclude Include="libStatGen\general\LongHash.h">
      <Filter>Header Files</Filter>
    </ClInclude>
    <ClInclude Include="libStatGen\general\LongInt.h">
      <Filter>Header Files</Filter>
    </ClInclude>
    <ClInclude Include="libStatGen\general\LongLongCounter.h">
      <Filter>Header Files</Filter>
    </ClInclude>
    <ClInclude Include="libStatGen\general\MapFunction.h">
      <Filter>Header Files</Filter>
    </ClInclude>
    <ClInclude Include="libStatGen\general\MathConstant.h">
      <Filter>Header Files</Filter>
    </ClInclude>
    <ClInclude Include="libStatGen\general\MathMatrix.h">
      <Filter>Header Files</Filter>
    </ClInclude>
    <ClInclude Include="libStatGen\general\MathVector.h">
      <Filter>Header Files</Filter>
    </ClInclude>
    <ClInclude Include="libStatGen\general\MemoryAllocators.h">
      <Filter>Header Files</Filter>
    </ClInclude>
    <ClInclude Include="libStatGen\general\MemoryInfo.h">
      <Filter>Header Files</Filter>
    </ClInclude>
    <ClInclude Include="libStatGen\general\MemoryMap.h">
      <Filter>Header Files</Filter>
    </ClInclude>
    <ClInclude Include="libStatGen\general\MemoryMapArray.h">
      <Filter>Header Files</Filter>
    </ClInclude>
    <ClInclude Include="libStatGen\general\MiniDeflate.h">
      <Filter>Header Files</Filter>
    </ClInclude>
    <ClInclude Include="libStatGen\general\NonOverlapRegions.h">
      <Filter>Header Files</Filter>
    </ClInclude>
    <ClInclude Include="libStatGen\general\PackedVector.h">
      <Filter>Header Files</Filter>
    </ClInclude>
    <ClInclude Include="libStatGen\general\Parameters.h">
      <Filter>Header Files</Filter>
    </ClInclude>
    <ClInclude Include="libStatGen\general\Pedigree.h">
      <Filter>Header Files</Filter>
    </ClInclude>
    <ClInclude Include="libStatGen\general\PedigreeAlleleFreq.h">
      <Filter>Header Files</Filter>
    </ClInclude>
    <ClInclude Include="libStatGen\general\PedigreeAlleles.h">
      <Filter>Header Files</Filter>
    </ClInclude>
    <ClInclude Include="libStatGen\general\PedigreeDescription.h">
      <Filter>Header Files</Filter>
    </ClInclude>
    <ClInclude Include="libStatGen\general\PedigreeFamily.h">
      <Filter>Header Files</Filter>
    </ClInclude>
    <ClInclude Include="libStatGen\general\PedigreeGlobals.h">
      <Filter>Header Files</Filter>
    </ClInclude>
    <ClInclude Include="libStatGen\general\PedigreePerson.h">
      <Filter>Header Files</Filter>
    </ClInclude>
    <ClInclude Include="libStatGen\general\Performance.h">
      <Filter>Header Files</Filter>
    </ClInclude>
    <ClInclude Include="libStatGen\general\PhoneHome.h">
      <Filter>Header Files</Filter>
    </ClInclude>
    <ClInclude Include="libStatGen\general\QuickIndex.h">
      <Filter>Header Files</Filter>
    </ClInclude>
    <ClInclude Include="libStatGen\general\Random.h">
      <Filter>Header Files</Filter>
    </ClInclude>
    <ClInclude Include="libStatGen\general\ReferenceSequence.h">
      <Filter>Header Files</Filter>
    </ClInclude>
    <ClInclude Include="libStatGen\general\ReusableVector.h">
      <Filter>Header Files</Filter>
    </ClInclude>
    <ClInclude Include="libStatGen\general\SimpleStats.h">
      <Filter>Header Files</Filter>
    </ClInclude>
    <ClInclude Include="libStatGen\general\SmithWaterman.h">
      <Filter>Header Files</Filter>
    </ClInclude>
    <ClInclude Include="libStatGen\general\Sort.h">
      <Filter>Header Files</Filter>
    </ClInclude>
    <ClInclude Include="libStatGen\general\StatGenStatus.h">
      <Filter>Header Files</Filter>
    </ClInclude>
    <ClInclude Include="libStatGen\general\STLUtilities.h">
      <Filter>Header Files</Filter>
    </ClInclude>
    <ClInclude Include="libStatGen\general\StringAlias.h">
      <Filter>Header Files</Filter>
    </ClInclude>
    <ClInclude Include="libStatGen\general\StringArray.h">
      <Filter>Header Files</Filter>
    </ClInclude>
    <ClInclude Include="libStatGen\general\StringBasics.h">
      <Filter>Header Files</Filter>
    </ClInclude>
    <ClInclude Include="libStatGen\general\StringHash.h">
      <Filter>Header Files</Filter>
    </ClInclude>
    <ClInclude Include="libStatGen\general\StringMap.h">
      <Filter>Header Files</Filter>
    </ClInclude>
    <ClInclude Include="libStatGen\general\Tabix.h">
      <Filter>Header Files</Filter>
    </ClInclude>
    <ClInclude Include="libStatGen\general\TrimSequence.h">
      <Filter>Header Files</Filter>
    </ClInclude>
    <ClInclude Include="libStatGen\general\UncompressedFileType.h">
      <Filter>Header Files</Filter>
    </ClInclude>
    <ClInclude Include="libStatGen\general\UnitTest.h">
      <Filter>Header Files</Filter>
    </ClInclude>
    <ClInclude Include="libStatGen\glf\test\ReadFiles.h">
      <Filter>Header Files</Filter>
    </ClInclude>
    <ClInclude Include="libStatGen\glf\test\Validate.h">
      <Filter>Header Files</Filter>
    </ClInclude>
    <ClInclude Include="libStatGen\glf\test\WriteFiles.h">
      <Filter>Header Files</Filter>
    </ClInclude>
    <ClInclude Include="libStatGen\glf\GlfException.h">
      <Filter>Header Files</Filter>
    </ClInclude>
    <ClInclude Include="libStatGen\glf\GlfFile.h">
      <Filter>Header Files</Filter>
    </ClInclude>
    <ClInclude Include="libStatGen\glf\GlfHeader.h">
      <Filter>Header Files</Filter>
    </ClInclude>
    <ClInclude Include="libStatGen\glf\GlfRecord.h">
      <Filter>Header Files</Filter>
    </ClInclude>
    <ClInclude Include="libStatGen\glf\GlfRefSection.h">
      <Filter>Header Files</Filter>
    </ClInclude>
    <ClInclude Include="libStatGen\glf\GlfStatus.h">
      <Filter>Header Files</Filter>
    </ClInclude>
    <ClInclude Include="libStatGen\samtools\bam.h">
      <Filter>Header Files</Filter>
    </ClInclude>
    <ClInclude Include="libStatGen\samtools\bgzf.h">
      <Filter>Header Files</Filter>
    </ClInclude>
    <ClInclude Include="libStatGen\samtools\khash.h">
      <Filter>Header Files</Filter>
    </ClInclude>
    <ClInclude Include="libStatGen\samtools\knetfile.h">
      <Filter>Header Files</Filter>
    </ClInclude>
    <ClInclude Include="libStatGen\vcf\test\VcfFileTest.h">
      <Filter>Header Files</Filter>
    </ClInclude>
    <ClInclude Include="libStatGen\vcf\test\VcfHeaderTest.h">
      <Filter>Header Files</Filter>
    </ClInclude>
    <ClInclude Include="libStatGen\vcf\VcfFile.h">
      <Filter>Header Files</Filter>
    </ClInclude>
    <ClInclude Include="libStatGen\vcf\VcfFileReader.h">
      <Filter>Header Files</Filter>
    </ClInclude>
    <ClInclude Include="libStatGen\vcf\VcfFileWriter.h">
      <Filter>Header Files</Filter>
    </ClInclude>
    <ClInclude Include="libStatGen\vcf\VcfGenotypeField.h">
      <Filter>Header Files</Filter>
    </ClInclude>
    <ClInclude Include="libStatGen\vcf\VcfGenotypeFormat.h">
      <Filter>Header Files</Filter>
    </ClInclude>
    <ClInclude Include="libStatGen\vcf\VcfGenotypeSample.h">
      <Filter>Header Files</Filter>
    </ClInclude>
    <ClInclude Include="libStatGen\vcf\VcfHeader.h">
      <Filter>Header Files</Filter>
    </ClInclude>
    <ClInclude Include="libStatGen\vcf\VcfHelper.h">
      <Filter>Header Files</Filter>
    </ClInclude>
    <ClInclude Include="libStatGen\vcf\VcfRecord.h">
      <Filter>Header Files</Filter>
    </ClInclude>
    <ClInclude Include="libStatGen\vcf\VcfRecordDiscardRules.h">
      <Filter>Header Files</Filter>
    </ClInclude>
    <ClInclude Include="libStatGen\vcf\VcfRecordField.h">
      <Filter>Header Files</Filter>
    </ClInclude>
    <ClInclude Include="libStatGen\vcf\VcfRecordFilter.h">
      <Filter>Header Files</Filter>
    </ClInclude>
    <ClInclude Include="libStatGen\vcf\VcfRecordGenotype.h">
      <Filter>Header Files</Filter>
    </ClInclude>
    <ClInclude Include="libStatGen\vcf\VcfRecordInfo.h">
      <Filter>Header Files</Filter>
    </ClInclude>
    <ClInclude Include="libStatGen\vcf\VcfSubsetSamples.h">
      <Filter>Header Files</Filter>
    </ClInclude>
    <ClInclude Include="misc\Constant.h">
      <Filter>Header Files</Filter>
    </ClInclude>
    <ClInclude Include="misc\faidx.h">
      <Filter>Header Files</Filter>
    </ClInclude>
    <ClInclude Include="misc\khash.h">
      <Filter>Header Files</Filter>
    </ClInclude>
    <ClInclude Include="misc\knetfile.h">
      <Filter>Header Files</Filter>
    </ClInclude>
    <ClInclude Include="misc\params.h">
      <Filter>Header Files</Filter>
    </ClInclude>
    <ClInclude Include="misc\pException.h">
      <Filter>Header Files</Filter>
    </ClInclude>
    <ClInclude Include="misc\razf.h">
      <Filter>Header Files</Filter>
    </ClInclude>
    <ClInclude Include="src\BwtIndexer.h">
      <Filter>Header Files</Filter>
    </ClInclude>
    <ClInclude Include="src\BwtMapper.h">
      <Filter>Header Files</Filter>
    </ClInclude>
    <ClInclude Include="src\PopulationIdentifier.h">
      <Filter>Header Files</Filter>
    </ClInclude>
    <ClInclude Include="src\RefBuilder.h">
      <Filter>Header Files</Filter>
    </ClInclude>
    <ClInclude Include="src\StatCollector.h">
      <Filter>Header Files</Filter>
    </ClInclude>
    <ClInclude Include="src\Utility.h">
      <Filter>Header Files</Filter>
    </ClInclude>
  </ItemGroup>
</Project>